
Microsoft Visual Studio Solution File, Format Version 12.00
# Visual Studio Version 16
VisualStudioVersion = 16.0.31410.357
MinimumVisualStudioVersion = 10.0.40219.1
Project("{FAE04EC0-301F-11D3-BF4B-00C04F79EFBC}") = "CardShuffle", "CardShuffle\CardShuffle.csproj", "{3CF1EEB2-7534-4842-8AF5-7003257886BF}"
EndProject
Global
	GlobalSection(SolutionConfigurationPlatforms) = preSolution
		Debug|Any CPU = Debug|Any CPU
		Release|Any CPU = Release|Any CPU
	EndGlobalSection
	GlobalSection(ProjectConfigurationPlatforms) = postSolution
		{3CF1EEB2-7534-4842-8AF5-7003257886BF}.Debug|Any CPU.ActiveCfg = Debug|Any CPU
		{3CF1EEB2-7534-4842-8AF5-7003257886BF}.Debug|Any CPU.Build.0 = Debug|Any CPU
		{3CF1EEB2-7534-4842-8AF5-7003257886BF}.Release|Any CPU.ActiveCfg = Release|Any CPU
		{3CF1EEB2-7534-4842-8AF5-7003257886BF}.Release|Any CPU.Build.0 = Release|Any CPU
	EndGlobalSection
	GlobalSection(SolutionProperties) = preSolution
		HideSolutionNode = FALSE
	EndGlobalSection
	GlobalSection(ExtensibilityGlobals) = postSolution
		SolutionGuid = {FB36443A-0E79-41E6-9121-577EFAEB7D10}
	EndGlobalSection
EndGlobal
